
Microsoft Visual Studio Solution File, Format Version 12.00
# Visual Studio Version 16
VisualStudioVersion = 16.0.31729.503
MinimumVisualStudioVersion = 10.0.40219.1
Project("{FAE04EC0-301F-11D3-BF4B-00C04F79EFBC}") = "Web_Final", "Web_Final\Web_Final.csproj", "{6E009E52-26A8-4F19-8761-EC8D6A6D14A0}"
EndProject
Global
	GlobalSection(SolutionConfigurationPlatforms) = preSolution
		Debug|Any CPU = Debug|Any CPU
		Release|Any CPU = Release|Any CPU
	EndGlobalSection
	GlobalSection(ProjectConfigurationPlatforms) = postSolution
		{6E009E52-26A8-4F19-8761-EC8D6A6D14A0}.Debug|Any CPU.ActiveCfg = Debug|Any CPU
		{6E009E52-26A8-4F19-8761-EC8D6A6D14A0}.Debug|Any CPU.Build.0 = Debug|Any CPU
		{6E009E52-26A8-4F19-8761-EC8D6A6D14A0}.Release|Any CPU.ActiveCfg = Release|Any CPU
		{6E009E52-26A8-4F19-8761-EC8D6A6D14A0}.Release|Any CPU.Build.0 = Release|Any CPU
	EndGlobalSection
	GlobalSection(SolutionProperties) = preSolution
		HideSolutionNode = FALSE
	EndGlobalSection
	GlobalSection(ExtensibilityGlobals) = postSolution
		SolutionGuid = {EBBB8252-E84D-4E81-893B-3A0AB8BF0838}
	EndGlobalSection
EndGlobal
